{
  "name": "Projet-_Complet_ISO_27001",
  "lockfileVersion": 3,
  "requires": true,
  "packages": {
    "": {
      "dependencies": {
        "node-mailer": "^0.1.1"
      }
    },
    "node_modules/node-mailer": {
      "version": "0.1.1",
      "resolved": "https://registry.npmjs.org/node-mailer/-/node-mailer-0.1.1.tgz",
      "integrity": "sha512-L3YwTtPodsYr1sNPW/PxXw0rSOr/ldygaIph2YtXDwLGt9l8km/OjM0Wrr57Yf07JEEnDb3wApjhVdR0k5v0kw==",
      "deprecated": "node-mailer is not maintained",
      "dependencies": {
        "nodemailer": ">= 0.1.15"
      },
      "engines": {
        "node": "*"
      }
    },
    "node_modules/nodemailer": {
      "version": "7.0.3",
      "resolved": "https://registry.npmjs.org/nodemailer/-/nodemailer-7.0.3.tgz",
      "integrity": "sha512-Ajq6Sz1x7cIK3pN6KesGTah+1gnwMnx5gKl3piQlQQE/PwyJ4Mbc8is2psWYxK3RJTVeqsDaCv8ZzXLCDHMTZw==",
      "engines": {
        "node": ">=6.0.0"
      }
    }
  }
}
